
Microsoft Visual Studio Solution File, Format Version 12.00
# Visual Studio Version 16
VisualStudioVersion = 16.0.29728.190
MinimumVisualStudioVersion = 10.0.40219.1
Project("{FAE04EC0-301F-11D3-BF4B-00C04F79EFBC}") = "LCUB", "LCUB.csproj", "{8F64BA4F-E08F-4133-800F-8537A0058BC5}"
EndProject
Global
	GlobalSection(SolutionConfigurationPlatforms) = preSolution
		Debug|Any CPU = Debug|Any CPU
		Release|Any CPU = Release|Any CPU
	EndGlobalSection
	GlobalSection(ProjectConfigurationPlatforms) = postSolution
		{8F64BA4F-E08F-4133-800F-8537A0058BC5}.Debug|Any CPU.ActiveCfg = Debug|Any CPU
		{8F64BA4F-E08F-4133-800F-8537A0058BC5}.Debug|Any CPU.Build.0 = Debug|Any CPU
		{8F64BA4F-E08F-4133-800F-8537A0058BC5}.Release|Any CPU.ActiveCfg = Release|Any CPU
		{8F64BA4F-E08F-4133-800F-8537A0058BC5}.Release|Any CPU.Build.0 = Release|Any CPU
	EndGlobalSection
	GlobalSection(SolutionProperties) = preSolution
		HideSolutionNode = FALSE
	EndGlobalSection
	GlobalSection(ExtensibilityGlobals) = postSolution
		SolutionGuid = {AF94DE56-5687-47C7-A07A-8D52A87E02BA}
	EndGlobalSection
EndGlobal
